// !$*UTF8*$!
{
	archiveVersion = 1;
	classes = {
	};
	objectVersion = 50;
	objects = {

/* Begin PBXBuildFile section */
		332DCFDE243BB2E8002E5814 /* AppDelegate.swift in Sources */ = {isa = PBXBuildFile; fileRef = 332DCFDD243BB2E8002E5814 /* AppDelegate.swift */; };
		332DCFE0243BB2E8002E5814 /* SceneDelegate.swift in Sources */ = {isa = PBXBuildFile; fileRef = 332DCFDF243BB2E8002E5814 /* SceneDelegate.swift */; };
		332DCFE2243BB2E8002E5814 /* ViewController.swift in Sources */ = {isa = PBXBuildFile; fileRef = 332DCFE1243BB2E8002E5814 /* ViewController.swift */; };
		332DCFE5243BB2E8002E5814 /* Main.storyboard in Resources */ = {isa = PBXBuildFile; fileRef = 332DCFE3243BB2E8002E5814 /* Main.storyboard */; };
		332DCFE7243BB2EE002E5814 /* Assets.xcassets in Resources */ = {isa = PBXBuildFile; fileRef = 332DCFE6243BB2EE002E5814 /* Assets.xcassets */; };
		332DCFEA243BB2EE002E5814 /* LaunchScreen.storyboard in Resources */ = {isa = PBXBuildFile; fileRef = 332DCFE8243BB2EE002E5814 /* LaunchScreen.storyboard */; };
		332DCFF5243BB2EE002E5814 /* TrafficSegue2Tests.swift in Sources */ = {isa = PBXBuildFile; fileRef = 332DCFF4243BB2EE002E5814 /* TrafficSegue2Tests.swift */; };
		332DD000243BB2EE002E5814 /* TrafficSegue2UITests.swift in Sources */ = {isa = PBXBuildFile; fileRef = 332DCFFF243BB2EE002E5814 /* TrafficSegue2UITests.swift */; };
/* End PBXBuildFile section */

/* Begin PBXContainerItemProxy section */
		332DCFF1243BB2EE002E5814 /* PBXContainerItemProxy */ = {
			isa = PBXContainerItemProxy;
			containerPortal = 332DCFD2243BB2E8002E5814 /* Project object */;
			proxyType = 1;
			remoteGlobalIDString = 332DCFD9243BB2E8002E5814;
			remoteInfo = TrafficSegue2;
		};
		332DCFFC243BB2EE002E5814 /* PBXContainerItemProxy */ = {
			isa = PBXContainerItemProxy;
			containerPortal = 332DCFD2243BB2E8002E5814 /* Project object */;
			proxyType = 1;
			remoteGlobalIDString = 332DCFD9243BB2E8002E5814;
			remoteInfo = TrafficSegue2;
		};
/* End PBXContainerItemProxy section */

/* Begin PBXFileReference section */
		332DCFDA243BB2E8002E5814 /* TrafficSegue2.app */ = {isa = PBXFileReference; explicitFileType = wrapper.application; includeInIndex = 0; path = TrafficSegue2.app; sourceTree = BUILT_PRODUCTS_DIR; };
		332DCFDD243BB2E8002E5814 /* AppDelegate.swift */ = {isa = PBXFileReference; lastKnownFileType = sourcecode.swift; path = AppDelegate.swift; sourceTree = "<group>"; };
		332DCFDF243BB2E8002E5814 /* SceneDelegate.swift */ = {isa = PBXFileReference; lastKnownFileType = sourcecode.swift; path = SceneDelegate.swift; sourceTree = "<group>"; };
		332DCFE1243BB2E8002E5814 /* ViewController.swift */ = {isa = PBXFileReference; lastKnownFileType = sourcecode.swift; path = ViewController.swift; sourceTree = "<group>"; };
		332DCFE4243BB2E8002E5814 /* Base */ = {isa = PBXFileReference; lastKnownFileType = file.storyboard; name = Base; path = Base.lproj/Main.storyboard; sourceTree = "<group>"; };
		332DCFE6243BB2EE002E5814 /* Assets.xcassets */ = {isa = PBXFileReference; lastKnownFileType = folder.assetcatalog; path = Assets.xcassets; sourceTree = "<group>"; };
		332DCFE9243BB2EE002E5814 /* Base */ = {isa = PBXFileReference; lastKnownFileType = file.storyboard; name = Base; path = Base.lproj/LaunchScreen.storyboard; sourceTree = "<group>"; };
		332DCFEB243BB2EE002E5814 /* Info.plist */ = {isa = PBXFileReference; lastKnownFileType = text.plist.xml; path = Info.plist; sourceTree = "<group>"; };
		332DCFF0243BB2EE002E5814 /* TrafficSegue2Tests.xctest */ = {isa = PBXFileReference; explicitFileType = wrapper.cfbundle; includeInIndex = 0; path = TrafficSegue2Tests.xctest; sourceTree = BUILT_PRODUCTS_DIR; };
		332DCFF4243BB2EE002E5814 /* TrafficSegue2Tests.swift */ = {isa = PBXFileReference; lastKnownFileType = sourcecode.swift; path = TrafficSegue2Tests.swift; sourceTree = "<group>"; };
		332DCFF6243BB2EE002E5814 /* Info.plist */ = {isa = PBXFileReference; lastKnownFileType = text.plist.xml; path = Info.plist; sourceTree = "<group>"; };
		332DCFFB243BB2EE002E5814 /* TrafficSegue2UITests.xctest */ = {isa = PBXFileReference; explicitFileType = wrapper.cfbundle; includeInIndex = 0; path = TrafficSegue2UITests.xctest; sourceTree = BUILT_PRODUCTS_DIR; };
		332DCFFF243BB2EE002E5814 /* TrafficSegue2UITests.swift */ = {isa = PBXFileReference; lastKnownFileType = sourcecode.swift; path = TrafficSegue2UITests.swift; sourceTree = "<group>"; };
		332DD001243BB2EE002E5814 /* Info.plist */ = {isa = PBXFileReference; lastKnownFileType = text.plist.xml; path = Info.plist; sourceTree = "<group>"; };
/* End PBXFileReference section */

/* Begin PBXFrameworksBuildPhase section */
		332DCFD7243BB2E8002E5814 /* Frameworks */ = {
			isa = PBXFrameworksBuildPhase;
			buildActionMask = 2147483647;
			files = (
			);
			runOnlyForDeploymentPostprocessing = 0;
		};
		332DCFED243BB2EE002E5814 /* Frameworks */ = {
			isa = PBXFrameworksBuildPhase;
			buildActionMask = 2147483647;
			files = (
			);
			runOnlyForDeploymentPostprocessing = 0;
		};
		332DCFF8243BB2EE002E5814 /* Frameworks */ = {
			isa = PBXFrameworksBuildPhase;
			buildActionMask = 2147483647;
			files = (
			);
			runOnlyForDeploymentPostprocessing = 0;
		};
/* End PBXFrameworksBuildPhase section */

/* Begin PBXGroup section */
		332DCFD1243BB2E8002E5814 = {
			isa = PBXGroup;
			children = (
				332DCFDC243BB2E8002E5814 /* TrafficSegue2 */,
				332DCFF3243BB2EE002E5814 /* TrafficSegue2Tests */,
				332DCFFE243BB2EE002E5814 /* TrafficSegue2UITests */,
				332DCFDB243BB2E8002E5814 /* Products */,
			);
			sourceTree = "<group>";
		};
		332DCFDB243BB2E8002E5814 /* Products */ = {
			isa = PBXGroup;
			children = (
				332DCFDA243BB2E8002E5814 /* TrafficSegue2.app */,
				332DCFF0243BB2EE002E5814 /* TrafficSegue2Tests.xctest */,
				332DCFFB243BB2EE002E5814 /* TrafficSegue2UITests.xctest */,
			);
			name = Products;
			sourceTree = "<group>";
		};
		332DCFDC243BB2E8002E5814 /* TrafficSegue2 */ = {
			isa = PBXGroup;
			children = (
				332DCFDD243BB2E8002E5814 /* AppDelegate.swift */,
				332DCFDF243BB2E8002E5814 /* SceneDelegate.swift */,
				332DCFE1243BB2E8002E5814 /* ViewController.swift */,
				332DCFE3243BB2E8002E5814 /* Main.storyboard */,
				332DCFE6243BB2EE002E5814 /* Assets.xcassets */,
				332DCFE8243BB2EE002E5814 /* LaunchScreen.storyboard */,
				332DCFEB243BB2EE002E5814 /* Info.plist */,
			);
			path = TrafficSegue2;
			sourceTree = "<group>";
		};
		332DCFF3243BB2EE002E5814 /* TrafficSegue2Tests */ = {
			isa = PBXGroup;
			children = (
				332DCFF4243BB2EE002E5814 /* TrafficSegue2Tests.swift */,
				332DCFF6243BB2EE002E5814 /* Info.plist */,
			);
			path = TrafficSegue2Tests;
			sourceTree = "<group>";
		};
		332DCFFE243BB2EE002E5814 /* TrafficSegue2UITests */ = {
			isa = PBXGroup;
			children = (
				332DCFFF243BB2EE002E5814 /* TrafficSegue2UITests.swift */,
				332DD001243BB2EE002E5814 /* Info.plist */,
			);
			path = TrafficSegue2UITests;
			sourceTree = "<group>";
		};
/* End PBXGroup section */

/* Begin PBXNativeTarget section */
		332DCFD9243BB2E8002E5814 /* TrafficSegue2 */ = {
			isa = PBXNativeTarget;
			buildConfigurationList = 332DD004243BB2EE002E5814 /* Build configuration list for PBXNativeTarget "TrafficSegue2" */;
			buildPhases = (
				332DCFD6243BB2E8002E5814 /* Sources */,
				332DCFD7243BB2E8002E5814 /* Frameworks */,
				332DCFD8243BB2E8002E5814 /* Resources */,
			);
			buildRules = (
			);
			dependencies = (
			);
			name = TrafficSegue2;
			productName = TrafficSegue2;
			productReference = 332DCFDA243BB2E8002E5814 /* TrafficSegue2.app */;
			productType = "com.apple.product-type.application";
		};
		332DCFEF243BB2EE002E5814 /* TrafficSegue2Tests */ = {
			isa = PBXNativeTarget;
			buildConfigurationList = 332DD007243BB2EE002E5814 /* Build configuration list for PBXNativeTarget "TrafficSegue2Tests" */;
			buildPhases = (
				332DCFEC243BB2EE002E5814 /* Sources */,
				332DCFED243BB2EE002E5814 /* Frameworks */,
				332DCFEE243BB2EE002E5814 /* Resources */,
			);
			buildRules = (
			);
			dependencies = (
				332DCFF2243BB2EE002E5814 /* PBXTargetDependency */,
			);
			name = TrafficSegue2Tests;
			productName = TrafficSegue2Tests;
			productReference = 332DCFF0243BB2EE002E5814 /* TrafficSegue2Tests.xctest */;
			productType = "com.apple.product-type.bundle.unit-test";
		};
		332DCFFA243BB2EE002E5814 /* TrafficSegue2UITests */ = {
			isa = PBXNativeTarget;
			buildConfigurationList = 332DD00A243BB2EE002E5814 /* Build configuration list for PBXNativeTarget "TrafficSegue2UITests" */;
			buildPhases = (
				332DCFF7243BB2EE002E5814 /* Sources */,
				332DCFF8243BB2EE002E5814 /* Frameworks */,
				332DCFF9243BB2EE002E5814 /* Resources */,
			);
			buildRules = (
			);
			dependencies = (
				332DCFFD243BB2EE002E5814 /* PBXTargetDependency */,
			);
			name = TrafficSegue2UITests;
			productName = TrafficSegue2UITests;
			productReference = 332DCFFB243BB2EE002E5814 /* TrafficSegue2UITests.xctest */;
			productType = "com.apple.product-type.bundle.ui-testing";
		};
/* End PBXNativeTarget section */

/* Begin PBXProject section */
		332DCFD2243BB2E8002E5814 /* Project object */ = {
			isa = PBXProject;
			attributes = {
				LastSwiftUpdateCheck = 1130;
				LastUpgradeCheck = 1130;
				ORGANIZATIONNAME = "Soft Dev";
				TargetAttributes = {
					332DCFD9243BB2E8002E5814 = {
						CreatedOnToolsVersion = 11.3.1;
					};
					332DCFEF243BB2EE002E5814 = {
						CreatedOnToolsVersion = 11.3.1;
						TestTargetID = 332DCFD9243BB2E8002E5814;
					};
					332DCFFA243BB2EE002E5814 = {
						CreatedOnToolsVersion = 11.3.1;
						TestTargetID = 332DCFD9243BB2E8002E5814;
					};
				};
			};
			buildConfigurationList = 332DCFD5243BB2E8002E5814 /* Build configuration list for PBXProject "TrafficSegue2" */;
			compatibilityVersion = "Xcode 9.3";
			developmentRegion = en;
			hasScannedForEncodings = 0;
			knownRegions = (
				en,
				Base,
			);
			mainGroup = 332DCFD1243BB2E8002E5814;
			productRefGroup = 332DCFDB243BB2E8002E5814 /* Products */;
			projectDirPath = "";
			projectRoot = "";
			targets = (
				332DCFD9243BB2E8002E5814 /* TrafficSegue2 */,
				332DCFEF243BB2EE002E5814 /* TrafficSegue2Tests */,
				332DCFFA243BB2EE002E5814 /* TrafficSegue2UITests */,
			);
		};
/* End PBXProject section */

/* Begin PBXResourcesBuildPhase section */
		332DCFD8243BB2E8002E5814 /* Resources */ = {
			isa = PBXResourcesBuildPhase;
			buildActionMask = 2147483647;
			files = (
				332DCFEA243BB2EE002E5814 /* LaunchScreen.storyboard in Resources */,
				332DCFE7243BB2EE002E5814 /* Assets.xcassets in Resources */,
				332DCFE5243BB2E8002E5814 /* Main.storyboard in Resources */,
			);
			runOnlyForDeploymentPostprocessing = 0;
		};
		332DCFEE243BB2EE002E5814 /* Resources */ = {
			isa = PBXResourcesBuildPhase;
			buildActionMask = 2147483647;
			files = (
			);
			runOnlyForDeploymentPostprocessing = 0;
		};
		332DCFF9243BB2EE002E5814 /* Resources */ = {
			isa = PBXResourcesBuildPhase;
			buildActionMask = 2147483647;
			files = (
			);
			runOnlyForDeploymentPostprocessing = 0;
		};
/* End PBXResourcesBuildPhase section */

/* Begin PBXSourcesBuildPhase section */
		332DCFD6243BB2E8002E5814 /* Sources */ = {
			isa = PBXSourcesBuildPhase;
			buildActionMask = 2147483647;
			files = (
				332DCFE2243BB2E8002E5814 /* ViewController.swift in Sources */,
				332DCFDE243BB2E8002E5814 /* AppDelegate.swift in Sources */,
				332DCFE0243BB2E8002E5814 /* SceneDelegate.swift in Sources */,
			);
			runOnlyForDeploymentPostprocessing = 0;
		};
		332DCFEC243BB2EE002E5814 /* Sources */ = {
			isa = PBXSourcesBuildPhase;
			buildActionMask = 2147483647;
			files = (
				332DCFF5243BB2EE002E5814 /* TrafficSegue2Tests.swift in Sources */,
			);
			runOnlyForDeploymentPostprocessing = 0;
		};
		332DCFF7243BB2EE002E5814 /* Sources */ = {
			isa = PBXSourcesBuildPhase;
			buildActionMask = 2147483647;
			files = (
				332DD000243BB2EE002E5814 /* TrafficSegue2UITests.swift in Sources */,
			);
			runOnlyForDeploymentPostprocessing = 0;
		};
/* End PBXSourcesBuildPhase section */

/* Begin PBXTargetDependency section */
		332DCFF2243BB2EE002E5814 /* PBXTargetDependency */ = {
			isa = PBXTargetDependency;
			target = 332DCFD9243BB2E8002E5814 /* TrafficSegue2 */;
			targetProxy = 332DCFF1243BB2EE002E5814 /* PBXContainerItemProxy */;
		};
		332DCFFD243BB2EE002E5814 /* PBXTargetDependency */ = {
			isa = PBXTargetDependency;
			target = 332DCFD9243BB2E8002E5814 /* TrafficSegue2 */;
			targetProxy = 332DCFFC243BB2EE002E5814 /* PBXContainerItemProxy */;
		};
/* End PBXTargetDependency section */

/* Begin PBXVariantGroup section */
		332DCFE3243BB2E8002E5814 /* Main.storyboard */ = {
			isa = PBXVariantGroup;
			children = (
				332DCFE4243BB2E8002E5814 /* Base */,
			);
			name = Main.storyboard;
			sourceTree = "<group>";
		};
		332DCFE8243BB2EE002E5814 /* LaunchScreen.storyboard */ = {
			isa = PBXVariantGroup;
			children = (
				332DCFE9243BB2EE002E5814 /* Base */,
			);
			name = LaunchScreen.storyboard;
			sourceTree = "<group>";
		};
/* End PBXVariantGroup section */

/* Begin XCBuildConfiguration section */
		332DD002243BB2EE002E5814 /* Debug */ = {
			isa = XCBuildConfiguration;
			buildSettings = {
				ALWAYS_SEARCH_USER_PATHS = NO;
				CLANG_ANALYZER_NONNULL = YES;
				CLANG_ANALYZER_NUMBER_OBJECT_CONVERSION = YES_AGGRESSIVE;
				CLANG_CXX_LANGUAGE_STANDARD = "gnu++14";
				CLANG_CXX_LIBRARY = "libc++";
				CLANG_ENABLE_MODULES = YES;
				CLANG_ENABLE_OBJC_ARC = YES;
				CLANG_ENABLE_OBJC_WEAK = YES;
				CLANG_WARN_BLOCK_CAPTURE_AUTORELEASING = YES;
				CLANG_WARN_BOOL_CONVERSION = YES;
				CLANG_WARN_COMMA = YES;
				CLANG_WARN_CONSTANT_CONVERSION = YES;
				CLANG_WARN_DEPRECATED_OBJC_IMPLEMENTATIONS = YES;
				CLANG_WARN_DIRECT_OBJC_ISA_USAGE = YES_ERROR;
				CLANG_WARN_DOCUMENTATION_COMMENTS = YES;
				CLANG_WARN_EMPTY_BODY = YES;
				CLANG_WARN_ENUM_CONVERSION = YES;
				CLANG_WARN_INFINITE_RECURSION = YES;
				CLANG_WARN_INT_CONVERSION = YES;
				CLANG_WARN_NON_LITERAL_NULL_CONVERSION = YES;
				CLANG_WARN_OBJC_IMPLICIT_RETAIN_SELF = YES;
				CLANG_WARN_OBJC_LITERAL_CONVERSION = YES;
				CLANG_WARN_OBJC_ROOT_CLASS = YES_ERROR;
				CLANG_WARN_RANGE_LOOP_ANALYSIS = YES;
				CLANG_WARN_STRICT_PROTOTYPES = YES;
				CLANG_WARN_SUSPICIOUS_MOVE = YES;
				CLANG_WARN_UNGUARDED_AVAILABILITY = YES_AGGRESSIVE;
				CLANG_WARN_UNREACHABLE_CODE = YES;
				CLANG_WARN__DUPLICATE_METHOD_MATCH = YES;
				COPY_PHASE_STRIP = NO;
				DEBUG_INFORMATION_FORMAT = dwarf;
				ENABLE_STRICT_OBJC_MSGSEND = YES;
				ENABLE_TESTABILITY = YES;
				GCC_C_LANGUAGE_STANDARD = gnu11;
				GCC_DYNAMIC_NO_PIC = NO;
				GCC_NO_COMMON_BLOCKS = YES;
				GCC_OPTIMIZATION_LEVEL = 0;
				GCC_PREPROCESSOR_DEFINITIONS = (
					"DEBUG=1",
					"$(inherited)",
				);
				GCC_WARN_64_TO_32_BIT_CONVERSION = YES;
				GCC_WARN_ABOUT_RETURN_TYPE = YES_ERROR;
				GCC_WARN_UNDECLARED_SELECTOR = YES;
				GCC_WARN_UNINITIALIZED_AUTOS = YES_AGGRESSIVE;
				GCC_WARN_UNUSED_FUNCTION = YES;
				GCC_WARN_UNUSED_VARIABLE = YES;
				IPHONEOS_DEPLOYMENT_TARGET = 13.2;
				MTL_ENABLE_DEBUG_INFO = INCLUDE_SOURCE;
				MTL_FAST_MATH = YES;
				ONLY_ACTIVE_ARCH = YES;
				SDKROOT = iphoneos;
				SWIFT_ACTIVE_COMPILATION_CONDITIONS = DEBUG;
				SWIFT_OPTIMIZATION_LEVEL = "-Onone";
			};
			name = Debug;
		};
		332DD003243BB2EE002E5814 /* Release */ = {
			isa = XCBuildConfiguration;
			buildSettings = {
				ALWAYS_SEARCH_USER_PATHS = NO;
				CLANG_ANALYZER_NONNULL = YES;
				CLANG_ANALYZER_NUMBER_OBJECT_CONVERSION = YES_AGGRESSIVE;
				CLANG_CXX_LANGUAGE_STANDARD = "gnu++14";
				CLANG_CXX_LIBRARY = "libc++";
				CLANG_ENABLE_MODULES = YES;
				CLANG_ENABLE_OBJC_ARC = YES;
				CLANG_ENABLE_OBJC_WEAK = YES;
				CLANG_WARN_BLOCK_CAPTURE_AUTORELEASING = YES;
				CLANG_WARN_BOOL_CONVERSION = YES;
				CLANG_WARN_COMMA = YES;
				CLANG_WARN_CONSTANT_CONVERSION = YES;
				CLANG_WARN_DEPRECATED_OBJC_IMPLEMENTATIONS = YES;
				CLANG_WARN_DIRECT_OBJC_ISA_USAGE = YES_ERROR;
				CLANG_WARN_DOCUMENTATION_COMMENTS = YES;
				CLANG_WARN_EMPTY_BODY = YES;
				CLANG_WARN_ENUM_CONVERSION = YES;
				CLANG_WARN_INFINITE_RECURSION = YES;
				CLANG_WARN_INT_CONVERSION = YES;
				CLANG_WARN_NON_LITERAL_NULL_CONVERSION = YES;
				CLANG_WARN_OBJC_IMPLICIT_RETAIN_SELF = YES;
				CLANG_WARN_OBJC_LITERAL_CONVERSION = YES;
				CLANG_WARN_OBJC_ROOT_CLASS = YES_ERROR;
				CLANG_WARN_RANGE_LOOP_ANALYSIS = YES;
				CLANG_WARN_STRICT_PROTOTYPES = YES;
				CLANG_WARN_SUSPICIOUS_MOVE = YES;
				CLANG_WARN_UNGUARDED_AVAILABILITY = YES_AGGRESSIVE;
				CLANG_WARN_UNREACHABLE_CODE = YES;
				CLANG_WARN__DUPLICATE_METHOD_MATCH = YES;
				COPY_PHASE_STRIP = NO;
				DEBUG_INFORMATION_FORMAT = "dwarf-with-dsym";
				ENABLE_NS_ASSERTIONS = NO;
				ENABLE_STRICT_OBJC_MSGSEND = YES;
				GCC_C_LANGUAGE_STANDARD = gnu11;
				GCC_NO_COMMON_BLOCKS = YES;
				GCC_WARN_64_TO_32_BIT_CONVERSION = YES;
				GCC_WARN_ABOUT_RETURN_TYPE = YES_ERROR;
				GCC_WARN_UNDECLARED_SELECTOR = YES;
				GCC_WARN_UNINITIALIZED_AUTOS = YES_AGGRESSIVE;
				GCC_WARN_UNUSED_FUNCTION = YES;
				GCC_WARN_UNUSED_VARIABLE = YES;
				IPHONEOS_DEPLOYMENT_TARGET = 13.2;
				MTL_ENABLE_DEBUG_INFO = NO;
				MTL_FAST_MATH = YES;
				SDKROOT = iphoneos;
				SWIFT_COMPILATION_MODE = wholemodule;
				SWIFT_OPTIMIZATION_LEVEL = "-O";
				VALIDATE_PRODUCT = YES;
			};
			name = Release;
		};
		332DD005243BB2EE002E5814 /* Debug */ = {
			isa = XCBuildConfiguration;
			buildSettings = {
				ASSETCATALOG_COMPILER_APPICON_NAME = AppIcon;
				CODE_SIGN_STYLE = Automatic;
				INFOPLIST_FILE = TrafficSegue2/Info.plist;
				LD_RUNPATH_SEARCH_PATHS = (
					"$(inherited)",
					"@executable_path/Frameworks",
				);
				PRODUCT_BUNDLE_IDENTIFIER = com.zoe.light.TrafficSegue2;
				PRODUCT_NAME = "$(TARGET_NAME)";
				SWIFT_VERSION = 5.0;
				TARGETED_DEVICE_FAMILY = "1,2";
			};
			name = Debug;
		};
		332DD006243BB2EE002E5814 /* Release */ = {
			isa = XCBuildConfiguration;
			buildSettings = {
				ASSETCATALOG_COMPILER_APPICON_NAME = AppIcon;
				CODE_SIGN_STYLE = Automatic;
				INFOPLIST_FILE = TrafficSegue2/Info.plist;
				LD_RUNPATH_SEARCH_PATHS = (
					"$(inherited)",
					"@executable_path/Frameworks",
				);
				PRODUCT_BUNDLE_IDENTIFIER = com.zoe.light.TrafficSegue2;
				PRODUCT_NAME = "$(TARGET_NAME)";
				SWIFT_VERSION = 5.0;
				TARGETED_DEVICE_FAMILY = "1,2";
			};
			name = Release;
		};
		332DD008243BB2EE002E5814 /* Debug */ = {
			isa = XCBuildConfiguration;
			buildSettings = {
				ALWAYS_EMBED_SWIFT_STANDARD_LIBRARIES = YES;
				BUNDLE_LOADER = "$(TEST_HOST)";
				CODE_SIGN_STYLE = Automatic;
				INFOPLIST_FILE = TrafficSegue2Tests/Info.plist;
				IPHONEOS_DEPLOYMENT_TARGET = 13.2;
				LD_RUNPATH_SEARCH_PATHS = (
					"$(inherited)",
					"@executable_path/Frameworks",
					"@loader_path/Frameworks",
				);
				PRODUCT_BUNDLE_IDENTIFIER = com.zoe.light.TrafficSegue2Tests;
				PRODUCT_NAME = "$(TARGET_NAME)";
				SWIFT_VERSION = 5.0;
				TARGETED_DEVICE_FAMILY = "1,2";
				TEST_HOST = "$(BUILT_PRODUCTS_DIR)/TrafficSegue2.app/TrafficSegue2";
			};
			name = Debug;
		};
		332DD009243BB2EE002E5814 /* Release */ = {
			isa = XCBuildConfiguration;
			buildSettings = {
				ALWAYS_EMBED_SWIFT_STANDARD_LIBRARIES = YES;
				BUNDLE_LOADER = "$(TEST_HOST)";
				CODE_SIGN_STYLE = Automatic;
				INFOPLIST_FILE = TrafficSegue2Tests/Info.plist;
				IPHONEOS_DEPLOYMENT_TARGET = 13.2;
				LD_RUNPATH_SEARCH_PATHS = (
					"$(inherited)",
					"@executable_path/Frameworks",
					"@loader_path/Frameworks",
				);
				PRODUCT_BUNDLE_IDENTIFIER = com.zoe.light.TrafficSegue2Tests;
				PRODUCT_NAME = "$(TARGET_NAME)";
				SWIFT_VERSION = 5.0;
				TARGETED_DEVICE_FAMILY = "1,2";
				TEST_HOST = "$(BUILT_PRODUCTS_DIR)/TrafficSegue2.app/TrafficSegue2";
			};
			name = Release;
		};
		332DD00B243BB2EE002E5814 /* Debug */ = {
			isa = XCBuildConfiguration;
			buildSettings = {
				ALWAYS_EMBED_SWIFT_STANDARD_LIBRARIES = YES;
				CODE_SIGN_STYLE = Automatic;
				INFOPLIST_FILE = TrafficSegue2UITests/Info.plist;
				LD_RUNPATH_SEARCH_PATHS = (
					"$(inherited)",
					"@executable_path/Frameworks",
					"@loader_path/Frameworks",
				);
				PRODUCT_BUNDLE_IDENTIFIER = com.zoe.light.TrafficSegue2UITests;
				PRODUCT_NAME = "$(TARGET_NAME)";
				SWIFT_VERSION = 5.0;
				TARGETED_DEVICE_FAMILY = "1,2";
				TEST_TARGET_NAME = TrafficSegue2;
			};
			name = Debug;
		};
		332DD00C243BB2EE002E5814 /* Release */ = {
			isa = XCBuildConfiguration;
			buildSettings = {
				ALWAYS_EMBED_SWIFT_STANDARD_LIBRARIES = YES;
				CODE_SIGN_STYLE = Automatic;
				INFOPLIST_FILE = TrafficSegue2UITests/Info.plist;
				LD_RUNPATH_SEARCH_PATHS = (
					"$(inherited)",
					"@executable_path/Frameworks",
					"@loader_path/Frameworks",
				);
				PRODUCT_BUNDLE_IDENTIFIER = com.zoe.light.TrafficSegue2UITests;
				PRODUCT_NAME = "$(TARGET_NAME)";
				SWIFT_VERSION = 5.0;
				TARGETED_DEVICE_FAMILY = "1,2";
				TEST_TARGET_NAME = TrafficSegue2;
			};
			name = Release;
		};
/* End XCBuildConfiguration section */

/* Begin XCConfigurationList section */
		332DCFD5243BB2E8002E5814 /* Build configuration list for PBXProject "TrafficSegue2" */ = {
			isa = XCConfigurationList;
			buildConfigurations = (
				332DD002243BB2EE002E5814 /* Debug */,
				332DD003243BB2EE002E5814 /* Release */,
			);
			defaultConfigurationIsVisible = 0;
			defaultConfigurationName = Release;
		};
		332DD004243BB2EE002E5814 /* Build configuration list for PBXNativeTarget "TrafficSegue2" */ = {
			isa = XCConfigurationList;
			buildConfigurations = (
				332DD005243BB2EE002E5814 /* Debug */,
				332DD006243BB2EE002E5814 /* Release */,
			);
			defaultConfigurationIsVisible = 0;
			defaultConfigurationName = Release;
		};
		332DD007243BB2EE002E5814 /* Build configuration list for PBXNativeTarget "TrafficSegue2Tests" */ = {
			isa = XCConfigurationList;
			buildConfigurations = (
				332DD008243BB2EE002E5814 /* Debug */,
				332DD009243BB2EE002E5814 /* Release */,
			);
			defaultConfigurationIsVisible = 0;
			defaultConfigurationName = Release;
		};
		332DD00A243BB2EE002E5814 /* Build configuration list for PBXNativeTarget "TrafficSegue2UITests" */ = {
			isa = XCConfigurationList;
			buildConfigurations = (
				332DD00B243BB2EE002E5814 /* Debug */,
				332DD00C243BB2EE002E5814 /* Release */,
			);
			defaultConfigurationIsVisible = 0;
			defaultConfigurationName = Release;
		};
/* End XCConfigurationList section */
	};
	rootObject = 332DCFD2243BB2E8002E5814 /* Project object */;
}
